// !$*UTF8*$!
{
	archiveVersion = 1;
	classes = {
	};
	objectVersion = 51;
	objects = {

/* Begin PBXBuildFile section */
		105AD9D1AA3238DF5ADCFE1E /* Pods_HomeWork_18_HomeWork_18UITests.framework in Frameworks */ = {isa = PBXBuildFile; fileRef = 566D00BD82F831FF399DC4F2 /* Pods_HomeWork_18_HomeWork_18UITests.framework */; };
		14771CCCC7873ADA7DD125C7 /* Pods_HomeWork_18Tests.framework in Frameworks */ = {isa = PBXBuildFile; fileRef = 9328DB6EC122027BC3E28F3A /* Pods_HomeWork_18Tests.framework */; };
		6F0D3F8E266223AB00AF8E8A /* AppDelegate.swift in Sources */ = {isa = PBXBuildFile; fileRef = 6F0D3F8D266223AB00AF8E8A /* AppDelegate.swift */; };
		6F0D3F90266223AB00AF8E8A /* SceneDelegate.swift in Sources */ = {isa = PBXBuildFile; fileRef = 6F0D3F8F266223AB00AF8E8A /* SceneDelegate.swift */; };
		6F0D3F92266223AB00AF8E8A /* ViewController.swift in Sources */ = {isa = PBXBuildFile; fileRef = 6F0D3F91266223AB00AF8E8A /* ViewController.swift */; };
		6F0D3F95266223AB00AF8E8A /* Main.storyboard in Resources */ = {isa = PBXBuildFile; fileRef = 6F0D3F93266223AB00AF8E8A /* Main.storyboard */; };
		6F0D3F97266223B300AF8E8A /* Assets.xcassets in Resources */ = {isa = PBXBuildFile; fileRef = 6F0D3F96266223B300AF8E8A /* Assets.xcassets */; };
		6F0D3F9A266223B300AF8E8A /* LaunchScreen.storyboard in Resources */ = {isa = PBXBuildFile; fileRef = 6F0D3F98266223B300AF8E8A /* LaunchScreen.storyboard */; };
		6F0D3FA5266223B300AF8E8A /* HomeWork_18Tests.swift in Sources */ = {isa = PBXBuildFile; fileRef = 6F0D3FA4266223B300AF8E8A /* HomeWork_18Tests.swift */; };
		6F0D3FB0266223B400AF8E8A /* HomeWork_18UITests.swift in Sources */ = {isa = PBXBuildFile; fileRef = 6F0D3FAF266223B400AF8E8A /* HomeWork_18UITests.swift */; };
		6F0D3FBE266223D100AF8E8A /* ArrayChanger.swift in Sources */ = {isa = PBXBuildFile; fileRef = 6F0D3FBD266223D100AF8E8A /* ArrayChanger.swift */; };
		6F18F29B2664DA0400FB6358 /* JSON.json in Resources */ = {isa = PBXBuildFile; fileRef = 6F18F29A2664DA0400FB6358 /* JSON.json */; };
		6F4038B526622AEF009D6750 /* QuickTests.swift in Sources */ = {isa = PBXBuildFile; fileRef = 6F4038B426622AEF009D6750 /* QuickTests.swift */; };
		6FC0861C26623B150069BAD2 /* XCTest.framework in Frameworks */ = {isa = PBXBuildFile; fileRef = 6FC08609266239080069BAD2 /* XCTest.framework */; };
		6FC0861D26623B1B0069BAD2 /* XCTest.framework in Frameworks */ = {isa = PBXBuildFile; fileRef = 6FC08609266239080069BAD2 /* XCTest.framework */; };
		6FC0861F26624E800069BAD2 /* Human.swift in Sources */ = {isa = PBXBuildFile; fileRef = 6FC0861E26624E800069BAD2 /* Human.swift */; };
		6FC0862526639EAE0069BAD2 /* WeatherModel.swift in Sources */ = {isa = PBXBuildFile; fileRef = 6FC0862426639EAE0069BAD2 /* WeatherModel.swift */; };
		6FC086272663FCA40069BAD2 /* WeatherParser.swift in Sources */ = {isa = PBXBuildFile; fileRef = 6FC086262663FCA40069BAD2 /* WeatherParser.swift */; };
		71F4273FDAC3E5BE92A4F95A /* Pods_HomeWork_18.framework in Frameworks */ = {isa = PBXBuildFile; fileRef = E719C31008DCE5DC7CFBB772 /* Pods_HomeWork_18.framework */; };
/* End PBXBuildFile section */

/* Begin PBXContainerItemProxy section */
		6F0D3FA1266223B300AF8E8A /* PBXContainerItemProxy */ = {
			isa = PBXContainerItemProxy;
			containerPortal = 6F0D3F82266223AB00AF8E8A /* Project object */;
			proxyType = 1;
			remoteGlobalIDString = 6F0D3F89266223AB00AF8E8A;
			remoteInfo = HomeWork_18;
		};
		6F0D3FAC266223B400AF8E8A /* PBXContainerItemProxy */ = {
			isa = PBXContainerItemProxy;
			containerPortal = 6F0D3F82266223AB00AF8E8A /* Project object */;
			proxyType = 1;
			remoteGlobalIDString = 6F0D3F89266223AB00AF8E8A;
			remoteInfo = HomeWork_18;
		};
/* End PBXContainerItemProxy section */

/* Begin PBXFileReference section */
		125CBF33594723FC7C61B5E4 /* Pods-HomeWork_18-HomeWork_18UITests.release.xcconfig */ = {isa = PBXFileReference; includeInIndex = 1; lastKnownFileType = text.xcconfig; name = "Pods-HomeWork_18-HomeWork_18UITests.release.xcconfig"; path = "Target Support Files/Pods-HomeWork_18-HomeWork_18UITests/Pods-HomeWork_18-HomeWork_18UITests.release.xcconfig"; sourceTree = "<group>"; };
		38537EC0242B0D07459CC479 /* Pods-HomeWork_18Tests.debug.xcconfig */ = {isa = PBXFileReference; includeInIndex = 1; lastKnownFileType = text.xcconfig; name = "Pods-HomeWork_18Tests.debug.xcconfig"; path = "Target Support Files/Pods-HomeWork_18Tests/Pods-HomeWork_18Tests.debug.xcconfig"; sourceTree = "<group>"; };
		38F2944922F5E35C8F1248D3 /* Pods-HomeWork_18.release.xcconfig */ = {isa = PBXFileReference; includeInIndex = 1; lastKnownFileType = text.xcconfig; name = "Pods-HomeWork_18.release.xcconfig"; path = "Target Support Files/Pods-HomeWork_18/Pods-HomeWork_18.release.xcconfig"; sourceTree = "<group>"; };
		566D00BD82F831FF399DC4F2 /* Pods_HomeWork_18_HomeWork_18UITests.framework */ = {isa = PBXFileReference; explicitFileType = wrapper.framework; includeInIndex = 0; path = Pods_HomeWork_18_HomeWork_18UITests.framework; sourceTree = BUILT_PRODUCTS_DIR; };
		6F0D3F8A266223AB00AF8E8A /* HomeWork_18.app */ = {isa = PBXFileReference; explicitFileType = wrapper.application; includeInIndex = 0; path = HomeWork_18.app; sourceTree = BUILT_PRODUCTS_DIR; };
		6F0D3F8D266223AB00AF8E8A /* AppDelegate.swift */ = {isa = PBXFileReference; lastKnownFileType = sourcecode.swift; path = AppDelegate.swift; sourceTree = "<group>"; };
		6F0D3F8F266223AB00AF8E8A /* SceneDelegate.swift */ = {isa = PBXFileReference; lastKnownFileType = sourcecode.swift; path = SceneDelegate.swift; sourceTree = "<group>"; };
		6F0D3F91266223AB00AF8E8A /* ViewController.swift */ = {isa = PBXFileReference; lastKnownFileType = sourcecode.swift; path = ViewController.swift; sourceTree = "<group>"; };
		6F0D3F94266223AB00AF8E8A /* Base */ = {isa = PBXFileReference; lastKnownFileType = file.storyboard; name = Base; path = Base.lproj/Main.storyboard; sourceTree = "<group>"; };
		6F0D3F96266223B300AF8E8A /* Assets.xcassets */ = {isa = PBXFileReference; lastKnownFileType = folder.assetcatalog; path = Assets.xcassets; sourceTree = "<group>"; };
		6F0D3F99266223B300AF8E8A /* Base */ = {isa = PBXFileReference; lastKnownFileType = file.storyboard; name = Base; path = Base.lproj/LaunchScreen.storyboard; sourceTree = "<group>"; };
		6F0D3F9B266223B300AF8E8A /* Info.plist */ = {isa = PBXFileReference; lastKnownFileType = text.plist.xml; path = Info.plist; sourceTree = "<group>"; };
		6F0D3FA0266223B300AF8E8A /* HomeWork_18Tests.xctest */ = {isa = PBXFileReference; explicitFileType = wrapper.cfbundle; includeInIndex = 0; path = HomeWork_18Tests.xctest; sourceTree = BUILT_PRODUCTS_DIR; };
		6F0D3FA4266223B300AF8E8A /* HomeWork_18Tests.swift */ = {isa = PBXFileReference; lastKnownFileType = sourcecode.swift; path = HomeWork_18Tests.swift; sourceTree = "<group>"; };
		6F0D3FA6266223B300AF8E8A /* Info.plist */ = {isa = PBXFileReference; lastKnownFileType = text.plist.xml; path = Info.plist; sourceTree = "<group>"; };
		6F0D3FAB266223B400AF8E8A /* HomeWork_18UITests.xctest */ = {isa = PBXFileReference; explicitFileType = wrapper.cfbundle; includeInIndex = 0; path = HomeWork_18UITests.xctest; sourceTree = BUILT_PRODUCTS_DIR; };
		6F0D3FAF266223B400AF8E8A /* HomeWork_18UITests.swift */ = {isa = PBXFileReference; lastKnownFileType = sourcecode.swift; path = HomeWork_18UITests.swift; sourceTree = "<group>"; };
		6F0D3FB1266223B400AF8E8A /* Info.plist */ = {isa = PBXFileReference; lastKnownFileType = text.plist.xml; path = Info.plist; sourceTree = "<group>"; };
		6F0D3FBD266223D100AF8E8A /* ArrayChanger.swift */ = {isa = PBXFileReference; lastKnownFileType = sourcecode.swift; path = ArrayChanger.swift; sourceTree = "<group>"; };
		6F18F29A2664DA0400FB6358 /* JSON.json */ = {isa = PBXFileReference; fileEncoding = 4; lastKnownFileType = text.json; path = JSON.json; sourceTree = "<group>"; };
		6F4038B426622AEF009D6750 /* QuickTests.swift */ = {isa = PBXFileReference; lastKnownFileType = sourcecode.swift; path = QuickTests.swift; sourceTree = "<group>"; };
		6FC08609266239080069BAD2 /* XCTest.framework */ = {isa = PBXFileReference; lastKnownFileType = wrapper.framework; name = XCTest.framework; path = Platforms/iPhoneOS.platform/Developer/Library/Frameworks/XCTest.framework; sourceTree = DEVELOPER_DIR; };
		6FC08611266239EE0069BAD2 /* Nimble.framework */ = {isa = PBXFileReference; explicitFileType = wrapper.framework; path = Nimble.framework; sourceTree = BUILT_PRODUCTS_DIR; };
		6FC08613266239F40069BAD2 /* Quick.framework */ = {isa = PBXFileReference; explicitFileType = wrapper.framework; path = Quick.framework; sourceTree = BUILT_PRODUCTS_DIR; };
		6FC08615266239F90069BAD2 /* OHHTTPStubs.framework */ = {isa = PBXFileReference; explicitFileType = wrapper.framework; path = OHHTTPStubs.framework; sourceTree = BUILT_PRODUCTS_DIR; };
		6FC0861726623A240069BAD2 /* Nimble.framework */ = {isa = PBXFileReference; explicitFileType = wrapper.framework; path = Nimble.framework; sourceTree = BUILT_PRODUCTS_DIR; };
		6FC0861926623A310069BAD2 /* Nimble.framework */ = {isa = PBXFileReference; explicitFileType = wrapper.framework; path = Nimble.framework; sourceTree = BUILT_PRODUCTS_DIR; };
		6FC0861E26624E800069BAD2 /* Human.swift */ = {isa = PBXFileReference; lastKnownFileType = sourcecode.swift; path = Human.swift; sourceTree = "<group>"; };
		6FC0862426639EAE0069BAD2 /* WeatherModel.swift */ = {isa = PBXFileReference; lastKnownFileType = sourcecode.swift; path = WeatherModel.swift; sourceTree = "<group>"; };
		6FC086262663FCA40069BAD2 /* WeatherParser.swift */ = {isa = PBXFileReference; lastKnownFileType = sourcecode.swift; path = WeatherParser.swift; sourceTree = "<group>"; };
		9328DB6EC122027BC3E28F3A /* Pods_HomeWork_18Tests.framework */ = {isa = PBXFileReference; explicitFileType = wrapper.framework; includeInIndex = 0; path = Pods_HomeWork_18Tests.framework; sourceTree = BUILT_PRODUCTS_DIR; };
		AA765D3750AF466893745071 /* Pods-HomeWork_18Tests.release.xcconfig */ = {isa = PBXFileReference; includeInIndex = 1; lastKnownFileType = text.xcconfig; name = "Pods-HomeWork_18Tests.release.xcconfig"; path = "Target Support Files/Pods-HomeWork_18Tests/Pods-HomeWork_18Tests.release.xcconfig"; sourceTree = "<group>"; };
		AE218521A2BC5D517CD572DD /* Pods-HomeWork_18-HomeWork_18UITests.debug.xcconfig */ = {isa = PBXFileReference; includeInIndex = 1; lastKnownFileType = text.xcconfig; name = "Pods-HomeWork_18-HomeWork_18UITests.debug.xcconfig"; path = "Target Support Files/Pods-HomeWork_18-HomeWork_18UITests/Pods-HomeWork_18-HomeWork_18UITests.debug.xcconfig"; sourceTree = "<group>"; };
		B21B6FEBEE1B1466AC7FB1D8 /* Pods-HomeWork_18.debug.xcconfig */ = {isa = PBXFileReference; includeInIndex = 1; lastKnownFileType = text.xcconfig; name = "Pods-HomeWork_18.debug.xcconfig"; path = "Target Support Files/Pods-HomeWork_18/Pods-HomeWork_18.debug.xcconfig"; sourceTree = "<group>"; };
		E719C31008DCE5DC7CFBB772 /* Pods_HomeWork_18.framework */ = {isa = PBXFileReference; explicitFileType = wrapper.framework; includeInIndex = 0; path = Pods_HomeWork_18.framework; sourceTree = BUILT_PRODUCTS_DIR; };
/* End PBXFileReference section */

/* Begin PBXFrameworksBuildPhase section */
		6F0D3F87266223AB00AF8E8A /* Frameworks */ = {
			isa = PBXFrameworksBuildPhase;
			buildActionMask = 2147483647;
			files = (
				71F4273FDAC3E5BE92A4F95A /* Pods_HomeWork_18.framework in Frameworks */,
			);
			runOnlyForDeploymentPostprocessing = 0;
		};
		6F0D3F9D266223B300AF8E8A /* Frameworks */ = {
			isa = PBXFrameworksBuildPhase;
			buildActionMask = 2147483647;
			files = (
				6FC0861C26623B150069BAD2 /* XCTest.framework in Frameworks */,
				14771CCCC7873ADA7DD125C7 /* Pods_HomeWork_18Tests.framework in Frameworks */,
			);
			runOnlyForDeploymentPostprocessing = 0;
		};
		6F0D3FA8266223B400AF8E8A /* Frameworks */ = {
			isa = PBXFrameworksBuildPhase;
			buildActionMask = 2147483647;
			files = (
				6FC0861D26623B1B0069BAD2 /* XCTest.framework in Frameworks */,
				105AD9D1AA3238DF5ADCFE1E /* Pods_HomeWork_18_HomeWork_18UITests.framework in Frameworks */,
			);
			runOnlyForDeploymentPostprocessing = 0;
		};
/* End PBXFrameworksBuildPhase section */

/* Begin PBXGroup section */
		60C9A83460FDD9079D81B570 /* Frameworks */ = {
			isa = PBXGroup;
			children = (
				6FC0861926623A310069BAD2 /* Nimble.framework */,
				6FC0861726623A240069BAD2 /* Nimble.framework */,
				6FC08615266239F90069BAD2 /* OHHTTPStubs.framework */,
				6FC08613266239F40069BAD2 /* Quick.framework */,
				6FC08611266239EE0069BAD2 /* Nimble.framework */,
				6FC08609266239080069BAD2 /* XCTest.framework */,
				E719C31008DCE5DC7CFBB772 /* Pods_HomeWork_18.framework */,
				566D00BD82F831FF399DC4F2 /* Pods_HomeWork_18_HomeWork_18UITests.framework */,
				9328DB6EC122027BC3E28F3A /* Pods_HomeWork_18Tests.framework */,
			);
			name = Frameworks;
			sourceTree = "<group>";
		};
		6F0D3F81266223AB00AF8E8A = {
			isa = PBXGroup;
			children = (
				6F0D3F8C266223AB00AF8E8A /* HomeWork_18 */,
				6F0D3FA3266223B300AF8E8A /* HomeWork_18Tests */,
				6F0D3FAE266223B400AF8E8A /* HomeWork_18UITests */,
				6F0D3F8B266223AB00AF8E8A /* Products */,
				E4C16A2983A68B207780695C /* Pods */,
				60C9A83460FDD9079D81B570 /* Frameworks */,
			);
			sourceTree = "<group>";
		};
		6F0D3F8B266223AB00AF8E8A /* Products */ = {
			isa = PBXGroup;
			children = (
				6F0D3F8A266223AB00AF8E8A /* HomeWork_18.app */,
				6F0D3FA0266223B300AF8E8A /* HomeWork_18Tests.xctest */,
				6F0D3FAB266223B400AF8E8A /* HomeWork_18UITests.xctest */,
			);
			name = Products;
			sourceTree = "<group>";
		};
		6F0D3F8C266223AB00AF8E8A /* HomeWork_18 */ = {
			isa = PBXGroup;
			children = (
				6F0D3FBD266223D100AF8E8A /* ArrayChanger.swift */,
				6FC0861E26624E800069BAD2 /* Human.swift */,
				6F0D3F8D266223AB00AF8E8A /* AppDelegate.swift */,
				6F0D3F8F266223AB00AF8E8A /* SceneDelegate.swift */,
				6F0D3F91266223AB00AF8E8A /* ViewController.swift */,
				6F0D3F93266223AB00AF8E8A /* Main.storyboard */,
				6F0D3F96266223B300AF8E8A /* Assets.xcassets */,
				6F0D3F98266223B300AF8E8A /* LaunchScreen.storyboard */,
				6F0D3F9B266223B300AF8E8A /* Info.plist */,
				6FC0862426639EAE0069BAD2 /* WeatherModel.swift */,
				6FC086262663FCA40069BAD2 /* WeatherParser.swift */,
				6F18F29A2664DA0400FB6358 /* JSON.json */,
			);
			path = HomeWork_18;
			sourceTree = "<group>";
		};
		6F0D3FA3266223B300AF8E8A /* HomeWork_18Tests */ = {
			isa = PBXGroup;
			children = (
				6F0D3FA4266223B300AF8E8A /* HomeWork_18Tests.swift */,
				6F0D3FA6266223B300AF8E8A /* Info.plist */,
				6F4038B426622AEF009D6750 /* QuickTests.swift */,
			);
			path = HomeWork_18Tests;
			sourceTree = "<group>";
		};
		6F0D3FAE266223B400AF8E8A /* HomeWork_18UITests */ = {
			isa = PBXGroup;
			children = (
				6F0D3FAF266223B400AF8E8A /* HomeWork_18UITests.swift */,
				6F0D3FB1266223B400AF8E8A /* Info.plist */,
			);
			path = HomeWork_18UITests;
			sourceTree = "<group>";
		};
		E4C16A2983A68B207780695C /* Pods */ = {
			isa = PBXGroup;
			children = (
				B21B6FEBEE1B1466AC7FB1D8 /* Pods-HomeWork_18.debug.xcconfig */,
				38F2944922F5E35C8F1248D3 /* Pods-HomeWork_18.release.xcconfig */,
				AE218521A2BC5D517CD572DD /* Pods-HomeWork_18-HomeWork_18UITests.debug.xcconfig */,
				125CBF33594723FC7C61B5E4 /* Pods-HomeWork_18-HomeWork_18UITests.release.xcconfig */,
				38537EC0242B0D07459CC479 /* Pods-HomeWork_18Tests.debug.xcconfig */,
				AA765D3750AF466893745071 /* Pods-HomeWork_18Tests.release.xcconfig */,
			);
			path = Pods;
			sourceTree = "<group>";
		};
/* End PBXGroup section */

/* Begin PBXNativeTarget section */
		6F0D3F89266223AB00AF8E8A /* HomeWork_18 */ = {
			isa = PBXNativeTarget;
			buildConfigurationList = 6F0D3FB4266223B400AF8E8A /* Build configuration list for PBXNativeTarget "HomeWork_18" */;
			buildPhases = (
				520B475F1CD472A437AFC02A /* [CP] Check Pods Manifest.lock */,
				6F0D3F86266223AB00AF8E8A /* Sources */,
				6F0D3F87266223AB00AF8E8A /* Frameworks */,
				6F0D3F88266223AB00AF8E8A /* Resources */,
				B5FACA5D3266F8EC0B63EBBE /* [CP] Embed Pods Frameworks */,
			);
			buildRules = (
			);
			dependencies = (
			);
			name = HomeWork_18;
			productName = HomeWork_18;
			productReference = 6F0D3F8A266223AB00AF8E8A /* HomeWork_18.app */;
			productType = "com.apple.product-type.application";
		};
		6F0D3F9F266223B300AF8E8A /* HomeWork_18Tests */ = {
			isa = PBXNativeTarget;
			buildConfigurationList = 6F0D3FB7266223B400AF8E8A /* Build configuration list for PBXNativeTarget "HomeWork_18Tests" */;
			buildPhases = (
				FA12F55D21C13357115AA47A /* [CP] Check Pods Manifest.lock */,
				6F0D3F9C266223B300AF8E8A /* Sources */,
				6F0D3F9D266223B300AF8E8A /* Frameworks */,
				6F0D3F9E266223B300AF8E8A /* Resources */,
				04FA3F6AE9DAD8032D92F264 /* [CP] Embed Pods Frameworks */,
			);
			buildRules = (
			);
			dependencies = (
				6F0D3FA2266223B300AF8E8A /* PBXTargetDependency */,
			);
			name = HomeWork_18Tests;
			productName = HomeWork_18Tests;
			productReference = 6F0D3FA0266223B300AF8E8A /* HomeWork_18Tests.xctest */;
			productType = "com.apple.product-type.bundle.unit-test";
		};
		6F0D3FAA266223B400AF8E8A /* HomeWork_18UITests */ = {
			isa = PBXNativeTarget;
			buildConfigurationList = 6F0D3FBA266223B400AF8E8A /* Build configuration list for PBXNativeTarget "HomeWork_18UITests" */;
			buildPhases = (
				71B0A98A52DEAB4D566428AB /* [CP] Check Pods Manifest.lock */,
				6F0D3FA7266223B400AF8E8A /* Sources */,
				6F0D3FA8266223B400AF8E8A /* Frameworks */,
				6F0D3FA9266223B400AF8E8A /* Resources */,
				F1760961BC3A7499FCB00AB9 /* [CP] Embed Pods Frameworks */,
			);
			buildRules = (
			);
			dependencies = (
				6F0D3FAD266223B400AF8E8A /* PBXTargetDependency */,
			);
			name = HomeWork_18UITests;
			productName = HomeWork_18UITests;
			productReference = 6F0D3FAB266223B400AF8E8A /* HomeWork_18UITests.xctest */;
			productType = "com.apple.product-type.bundle.ui-testing";
		};
/* End PBXNativeTarget section */

/* Begin PBXProject section */
		6F0D3F82266223AB00AF8E8A /* Project object */ = {
			isa = PBXProject;
			attributes = {
				LastSwiftUpdateCheck = 1250;
				LastUpgradeCheck = 1250;
				TargetAttributes = {
					6F0D3F89266223AB00AF8E8A = {
						CreatedOnToolsVersion = 12.5;
					};
					6F0D3F9F266223B300AF8E8A = {
						CreatedOnToolsVersion = 12.5;
						TestTargetID = 6F0D3F89266223AB00AF8E8A;
					};
					6F0D3FAA266223B400AF8E8A = {
						CreatedOnToolsVersion = 12.5;
						TestTargetID = 6F0D3F89266223AB00AF8E8A;
					};
				};
			};
			buildConfigurationList = 6F0D3F85266223AB00AF8E8A /* Build configuration list for PBXProject "HomeWork_18" */;
			compatibilityVersion = "Xcode 9.3";
			developmentRegion = en;
			hasScannedForEncodings = 0;
			knownRegions = (
				en,
				Base,
			);
			mainGroup = 6F0D3F81266223AB00AF8E8A;
			productRefGroup = 6F0D3F8B266223AB00AF8E8A /* Products */;
			projectDirPath = "";
			projectRoot = "";
			targets = (
				6F0D3F89266223AB00AF8E8A /* HomeWork_18 */,
				6F0D3F9F266223B300AF8E8A /* HomeWork_18Tests */,
				6F0D3FAA266223B400AF8E8A /* HomeWork_18UITests */,
			);
		};
/* End PBXProject section */

/* Begin PBXResourcesBuildPhase section */
		6F0D3F88266223AB00AF8E8A /* Resources */ = {
			isa = PBXResourcesBuildPhase;
			buildActionMask = 2147483647;
			files = (
				6F0D3F9A266223B300AF8E8A /* LaunchScreen.storyboard in Resources */,
				6F0D3F97266223B300AF8E8A /* Assets.xcassets in Resources */,
				6F0D3F95266223AB00AF8E8A /* Main.storyboard in Resources */,
				6F18F29B2664DA0400FB6358 /* JSON.json in Resources */,
			);
			runOnlyForDeploymentPostprocessing = 0;
		};
		6F0D3F9E266223B300AF8E8A /* Resources */ = {
			isa = PBXResourcesBuildPhase;
			buildActionMask = 2147483647;
			files = (
			);
			runOnlyForDeploymentPostprocessing = 0;
		};
		6F0D3FA9266223B400AF8E8A /* Resources */ = {
			isa = PBXResourcesBuildPhase;
			buildActionMask = 2147483647;
			files = (
			);
			runOnlyForDeploymentPostprocessing = 0;
		};
/* End PBXResourcesBuildPhase section */

/* Begin PBXShellScriptBuildPhase section */
		04FA3F6AE9DAD8032D92F264 /* [CP] Embed Pods Frameworks */ = {
			isa = PBXShellScriptBuildPhase;
			buildActionMask = 2147483647;
			files = (
			);
			inputFileListPaths = (
				"${PODS_ROOT}/Target Support Files/Pods-HomeWork_18Tests/Pods-HomeWork_18Tests-frameworks-${CONFIGURATION}-input-files.xcfilelist",
			);
			name = "[CP] Embed Pods Frameworks";
			outputFileListPaths = (
				"${PODS_ROOT}/Target Support Files/Pods-HomeWork_18Tests/Pods-HomeWork_18Tests-frameworks-${CONFIGURATION}-output-files.xcfilelist",
			);
			runOnlyForDeploymentPostprocessing = 0;
			shellPath = /bin/sh;
			shellScript = "\"${PODS_ROOT}/Target Support Files/Pods-HomeWork_18Tests/Pods-HomeWork_18Tests-frameworks.sh\"\n";
			showEnvVarsInLog = 0;
		};
		520B475F1CD472A437AFC02A /* [CP] Check Pods Manifest.lock */ = {
			isa = PBXShellScriptBuildPhase;
			buildActionMask = 2147483647;
			files = (
			);
			inputFileListPaths = (
			);
			inputPaths = (
				"${PODS_PODFILE_DIR_PATH}/Podfile.lock",
				"${PODS_ROOT}/Manifest.lock",
			);
			name = "[CP] Check Pods Manifest.lock";
			outputFileListPaths = (
			);
			outputPaths = (
				"$(DERIVED_FILE_DIR)/Pods-HomeWork_18-checkManifestLockResult.txt",
			);
			runOnlyForDeploymentPostprocessing = 0;
			shellPath = /bin/sh;
			shellScript = "diff \"${PODS_PODFILE_DIR_PATH}/Podfile.lock\" \"${PODS_ROOT}/Manifest.lock\" > /dev/null\nif [ $? != 0 ] ; then\n    # print error to STDERR\n    echo \"error: The sandbox is not in sync with the Podfile.lock. Run 'pod install' or update your CocoaPods installation.\" >&2\n    exit 1\nfi\n# This output is used by Xcode 'outputs' to avoid re-running this script phase.\necho \"SUCCESS\" > \"${SCRIPT_OUTPUT_FILE_0}\"\n";
			showEnvVarsInLog = 0;
		};
		71B0A98A52DEAB4D566428AB /* [CP] Check Pods Manifest.lock */ = {
			isa = PBXShellScriptBuildPhase;
			buildActionMask = 2147483647;
			files = (
			);
			inputFileListPaths = (
			);
			inputPaths = (
				"${PODS_PODFILE_DIR_PATH}/Podfile.lock",
				"${PODS_ROOT}/Manifest.lock",
			);
			name = "[CP] Check Pods Manifest.lock";
			outputFileListPaths = (
			);
			outputPaths = (
				"$(DERIVED_FILE_DIR)/Pods-HomeWork_18-HomeWork_18UITests-checkManifestLockResult.txt",
			);
			runOnlyForDeploymentPostprocessing = 0;
			shellPath = /bin/sh;
			shellScript = "diff \"${PODS_PODFILE_DIR_PATH}/Podfile.lock\" \"${PODS_ROOT}/Manifest.lock\" > /dev/null\nif [ $? != 0 ] ; then\n    # print error to STDERR\n    echo \"error: The sandbox is not in sync with the Podfile.lock. Run 'pod install' or update your CocoaPods installation.\" >&2\n    exit 1\nfi\n# This output is used by Xcode 'outputs' to avoid re-running this script phase.\necho \"SUCCESS\" > \"${SCRIPT_OUTPUT_FILE_0}\"\n";
			showEnvVarsInLog = 0;
		};
		B5FACA5D3266F8EC0B63EBBE /* [CP] Embed Pods Frameworks */ = {
			isa = PBXShellScriptBuildPhase;
			buildActionMask = 2147483647;
			files = (
			);
			inputFileListPaths = (
				"${PODS_ROOT}/Target Support Files/Pods-HomeWork_18/Pods-HomeWork_18-frameworks-${CONFIGURATION}-input-files.xcfilelist",
			);
			name = "[CP] Embed Pods Frameworks";
			outputFileListPaths = (
				"${PODS_ROOT}/Target Support Files/Pods-HomeWork_18/Pods-HomeWork_18-frameworks-${CONFIGURATION}-output-files.xcfilelist",
			);
			runOnlyForDeploymentPostprocessing = 0;
			shellPath = /bin/sh;
			shellScript = "\"${PODS_ROOT}/Target Support Files/Pods-HomeWork_18/Pods-HomeWork_18-frameworks.sh\"\n";
			showEnvVarsInLog = 0;
		};
		F1760961BC3A7499FCB00AB9 /* [CP] Embed Pods Frameworks */ = {
			isa = PBXShellScriptBuildPhase;
			buildActionMask = 2147483647;
			files = (
			);
			inputFileListPaths = (
				"${PODS_ROOT}/Target Support Files/Pods-HomeWork_18-HomeWork_18UITests/Pods-HomeWork_18-HomeWork_18UITests-frameworks-${CONFIGURATION}-input-files.xcfilelist",
			);
			name = "[CP] Embed Pods Frameworks";
			outputFileListPaths = (
				"${PODS_ROOT}/Target Support Files/Pods-HomeWork_18-HomeWork_18UITests/Pods-HomeWork_18-HomeWork_18UITests-frameworks-${CONFIGURATION}-output-files.xcfilelist",
			);
			runOnlyForDeploymentPostprocessing = 0;
			shellPath = /bin/sh;
			shellScript = "\"${PODS_ROOT}/Target Support Files/Pods-HomeWork_18-HomeWork_18UITests/Pods-HomeWork_18-HomeWork_18UITests-frameworks.sh\"\n";
			showEnvVarsInLog = 0;
		};
		FA12F55D21C13357115AA47A /* [CP] Check Pods Manifest.lock */ = {
			isa = PBXShellScriptBuildPhase;
			buildActionMask = 2147483647;
			files = (
			);
			inputFileListPaths = (
			);
			inputPaths = (
				"${PODS_PODFILE_DIR_PATH}/Podfile.lock",
				"${PODS_ROOT}/Manifest.lock",
			);
			name = "[CP] Check Pods Manifest.lock";
			outputFileListPaths = (
			);
			outputPaths = (
				"$(DERIVED_FILE_DIR)/Pods-HomeWork_18Tests-checkManifestLockResult.txt",
			);
			runOnlyForDeploymentPostprocessing = 0;
			shellPath = /bin/sh;
			shellScript = "diff \"${PODS_PODFILE_DIR_PATH}/Podfile.lock\" \"${PODS_ROOT}/Manifest.lock\" > /dev/null\nif [ $? != 0 ] ; then\n    # print error to STDERR\n    echo \"error: The sandbox is not in sync with the Podfile.lock. Run 'pod install' or update your CocoaPods installation.\" >&2\n    exit 1\nfi\n# This output is used by Xcode 'outputs' to avoid re-running this script phase.\necho \"SUCCESS\" > \"${SCRIPT_OUTPUT_FILE_0}\"\n";
			showEnvVarsInLog = 0;
		};
/* End PBXShellScriptBuildPhase section */

/* Begin PBXSourcesBuildPhase section */
		6F0D3F86266223AB00AF8E8A /* Sources */ = {
			isa = PBXSourcesBuildPhase;
			buildActionMask = 2147483647;
			files = (
				6F0D3F92266223AB00AF8E8A /* ViewController.swift in Sources */,
				6FC0861F26624E800069BAD2 /* Human.swift in Sources */,
				6F0D3FBE266223D100AF8E8A /* ArrayChanger.swift in Sources */,
				6F0D3F8E266223AB00AF8E8A /* AppDelegate.swift in Sources */,
				6FC086272663FCA40069BAD2 /* WeatherParser.swift in Sources */,
				6FC0862526639EAE0069BAD2 /* WeatherModel.swift in Sources */,
				6F0D3F90266223AB00AF8E8A /* SceneDelegate.swift in Sources */,
			);
			runOnlyForDeploymentPostprocessing = 0;
		};
		6F0D3F9C266223B300AF8E8A /* Sources */ = {
			isa = PBXSourcesBuildPhase;
			buildActionMask = 2147483647;
			files = (
				6F0D3FA5266223B300AF8E8A /* HomeWork_18Tests.swift in Sources */,
				6F4038B526622AEF009D6750 /* QuickTests.swift in Sources */,
			);
			runOnlyForDeploymentPostprocessing = 0;
		};
		6F0D3FA7266223B400AF8E8A /* Sources */ = {
			isa = PBXSourcesBuildPhase;
			buildActionMask = 2147483647;
			files = (
				6F0D3FB0266223B400AF8E8A /* HomeWork_18UITests.swift in Sources */,
			);
			runOnlyForDeploymentPostprocessing = 0;
		};
/* End PBXSourcesBuildPhase section */

/* Begin PBXTargetDependency section */
		6F0D3FA2266223B300AF8E8A /* PBXTargetDependency */ = {
			isa = PBXTargetDependency;
			target = 6F0D3F89266223AB00AF8E8A /* HomeWork_18 */;
			targetProxy = 6F0D3FA1266223B300AF8E8A /* PBXContainerItemProxy */;
		};
		6F0D3FAD266223B400AF8E8A /* PBXTargetDependency */ = {
			isa = PBXTargetDependency;
			target = 6F0D3F89266223AB00AF8E8A /* HomeWork_18 */;
			targetProxy = 6F0D3FAC266223B400AF8E8A /* PBXContainerItemProxy */;
		};
/* End PBXTargetDependency section */

/* Begin PBXVariantGroup section */
		6F0D3F93266223AB00AF8E8A /* Main.storyboard */ = {
			isa = PBXVariantGroup;
			children = (
				6F0D3F94266223AB00AF8E8A /* Base */,
			);
			name = Main.storyboard;
			sourceTree = "<group>";
		};
		6F0D3F98266223B300AF8E8A /* LaunchScreen.storyboard */ = {
			isa = PBXVariantGroup;
			children = (
				6F0D3F99266223B300AF8E8A /* Base */,
			);
			name = LaunchScreen.storyboard;
			sourceTree = "<group>";
		};
/* End PBXVariantGroup section */

/* Begin XCBuildConfiguration section */
		6F0D3FB2266223B400AF8E8A /* Debug */ = {
			isa = XCBuildConfiguration;
			buildSettings = {
				ALWAYS_SEARCH_USER_PATHS = NO;
				CLANG_ANALYZER_NONNULL = YES;
				CLANG_ANALYZER_NUMBER_OBJECT_CONVERSION = YES_AGGRESSIVE;
				CLANG_CXX_LANGUAGE_STANDARD = "gnu++14";
				CLANG_CXX_LIBRARY = "libc++";
				CLANG_ENABLE_MODULES = YES;
				CLANG_ENABLE_OBJC_ARC = YES;
				CLANG_ENABLE_OBJC_WEAK = YES;
				CLANG_WARN_BLOCK_CAPTURE_AUTORELEASING = YES;
				CLANG_WARN_BOOL_CONVERSION = YES;
				CLANG_WARN_COMMA = YES;
				CLANG_WARN_CONSTANT_CONVERSION = YES;
				CLANG_WARN_DEPRECATED_OBJC_IMPLEMENTATIONS = YES;
				CLANG_WARN_DIRECT_OBJC_ISA_USAGE = YES_ERROR;
				CLANG_WARN_DOCUMENTATION_COMMENTS = YES;
				CLANG_WARN_EMPTY_BODY = YES;
				CLANG_WARN_ENUM_CONVERSION = YES;
				CLANG_WARN_INFINITE_RECURSION = YES;
				CLANG_WARN_INT_CONVERSION = YES;
				CLANG_WARN_NON_LITERAL_NULL_CONVERSION = YES;
				CLANG_WARN_OBJC_IMPLICIT_RETAIN_SELF = YES;
				CLANG_WARN_OBJC_LITERAL_CONVERSION = YES;
				CLANG_WARN_OBJC_ROOT_CLASS = YES_ERROR;
				CLANG_WARN_QUOTED_INCLUDE_IN_FRAMEWORK_HEADER = YES;
				CLANG_WARN_RANGE_LOOP_ANALYSIS = YES;
				CLANG_WARN_STRICT_PROTOTYPES = YES;
				CLANG_WARN_SUSPICIOUS_MOVE = YES;
				CLANG_WARN_UNGUARDED_AVAILABILITY = YES_AGGRESSIVE;
				CLANG_WARN_UNREACHABLE_CODE = YES;
				CLANG_WARN__DUPLICATE_METHOD_MATCH = YES;
				COPY_PHASE_STRIP = NO;
				DEBUG_INFORMATION_FORMAT = dwarf;
				ENABLE_STRICT_OBJC_MSGSEND = YES;
				ENABLE_TESTABILITY = YES;
				GCC_C_LANGUAGE_STANDARD = gnu11;
				GCC_DYNAMIC_NO_PIC = NO;
				GCC_NO_COMMON_BLOCKS = YES;
				GCC_OPTIMIZATION_LEVEL = 0;
				GCC_PREPROCESSOR_DEFINITIONS = (
					"DEBUG=1",
					"$(inherited)",
				);
				GCC_WARN_64_TO_32_BIT_CONVERSION = YES;
				GCC_WARN_ABOUT_RETURN_TYPE = YES_ERROR;
				GCC_WARN_UNDECLARED_SELECTOR = YES;
				GCC_WARN_UNINITIALIZED_AUTOS = YES_AGGRESSIVE;
				GCC_WARN_UNUSED_FUNCTION = YES;
				GCC_WARN_UNUSED_VARIABLE = YES;
				IPHONEOS_DEPLOYMENT_TARGET = 14.5;
				MTL_ENABLE_DEBUG_INFO = INCLUDE_SOURCE;
				MTL_FAST_MATH = YES;
				ONLY_ACTIVE_ARCH = YES;
				SDKROOT = iphoneos;
				SWIFT_ACTIVE_COMPILATION_CONDITIONS = DEBUG;
				SWIFT_OPTIMIZATION_LEVEL = "-Onone";
			};
			name = Debug;
		};
		6F0D3FB3266223B400AF8E8A /* Release */ = {
			isa = XCBuildConfiguration;
			buildSettings = {
				ALWAYS_SEARCH_USER_PATHS = NO;
				CLANG_ANALYZER_NONNULL = YES;
				CLANG_ANALYZER_NUMBER_OBJECT_CONVERSION = YES_AGGRESSIVE;
				CLANG_CXX_LANGUAGE_STANDARD = "gnu++14";
				CLANG_CXX_LIBRARY = "libc++";
				CLANG_ENABLE_MODULES = YES;
				CLANG_ENABLE_OBJC_ARC = YES;
				CLANG_ENABLE_OBJC_WEAK = YES;
				CLANG_WARN_BLOCK_CAPTURE_AUTORELEASING = YES;
				CLANG_WARN_BOOL_CONVERSION = YES;
				CLANG_WARN_COMMA = YES;
				CLANG_WARN_CONSTANT_CONVERSION = YES;
				CLANG_WARN_DEPRECATED_OBJC_IMPLEMENTATIONS = YES;
				CLANG_WARN_DIRECT_OBJC_ISA_USAGE = YES_ERROR;
				CLANG_WARN_DOCUMENTATION_COMMENTS = YES;
				CLANG_WARN_EMPTY_BODY = YES;
				CLANG_WARN_ENUM_CONVERSION = YES;
				CLANG_WARN_INFINITE_RECURSION = YES;
				CLANG_WARN_INT_CONVERSION = YES;
				CLANG_WARN_NON_LITERAL_NULL_CONVERSION = YES;
				CLANG_WARN_OBJC_IMPLICIT_RETAIN_SELF = YES;
				CLANG_WARN_OBJC_LITERAL_CONVERSION = YES;
				CLANG_WARN_OBJC_ROOT_CLASS = YES_ERROR;
				CLANG_WARN_QUOTED_INCLUDE_IN_FRAMEWORK_HEADER = YES;
				CLANG_WARN_RANGE_LOOP_ANALYSIS = YES;
				CLANG_WARN_STRICT_PROTOTYPES = YES;
				CLANG_WARN_SUSPICIOUS_MOVE = YES;
				CLANG_WARN_UNGUARDED_AVAILABILITY = YES_AGGRESSIVE;
				CLANG_WARN_UNREACHABLE_CODE = YES;
				CLANG_WARN__DUPLICATE_METHOD_MATCH = YES;
				COPY_PHASE_STRIP = NO;
				DEBUG_INFORMATION_FORMAT = "dwarf-with-dsym";
				ENABLE_NS_ASSERTIONS = NO;
				ENABLE_STRICT_OBJC_MSGSEND = YES;
				GCC_C_LANGUAGE_STANDARD = gnu11;
				GCC_NO_COMMON_BLOCKS = YES;
				GCC_WARN_64_TO_32_BIT_CONVERSION = YES;
				GCC_WARN_ABOUT_RETURN_TYPE = YES_ERROR;
				GCC_WARN_UNDECLARED_SELECTOR = YES;
				GCC_WARN_UNINITIALIZED_AUTOS = YES_AGGRESSIVE;
				GCC_WARN_UNUSED_FUNCTION = YES;
				GCC_WARN_UNUSED_VARIABLE = YES;
				IPHONEOS_DEPLOYMENT_TARGET = 14.5;
				MTL_ENABLE_DEBUG_INFO = NO;
				MTL_FAST_MATH = YES;
				SDKROOT = iphoneos;
				SWIFT_COMPILATION_MODE = wholemodule;
				SWIFT_OPTIMIZATION_LEVEL = "-O";
				VALIDATE_PRODUCT = YES;
			};
			name = Release;
		};
		6F0D3FB5266223B400AF8E8A /* Debug */ = {
			isa = XCBuildConfiguration;
			baseConfigurationReference = B21B6FEBEE1B1466AC7FB1D8 /* Pods-HomeWork_18.debug.xcconfig */;
			buildSettings = {
				ASSETCATALOG_COMPILER_APPICON_NAME = AppIcon;
				ASSETCATALOG_COMPILER_GLOBAL_ACCENT_COLOR_NAME = AccentColor;
				CODE_SIGN_STYLE = Automatic;
				DEVELOPMENT_TEAM = Y3J9DR9455;
				GCC_NO_COMMON_BLOCKS = NO;
				INFOPLIST_FILE = HomeWork_18/Info.plist;
				LD_RUNPATH_SEARCH_PATHS = (
					"$(inherited)",
					"@executable_path/Frameworks",
				);
				PRODUCT_BUNDLE_IDENTIFIER = "Skillbox.HomeWork-18";
				PRODUCT_NAME = "$(TARGET_NAME)";
				SWIFT_VERSION = 5.0;
				TARGETED_DEVICE_FAMILY = "1,2";
			};
			name = Debug;
		};
		6F0D3FB6266223B400AF8E8A /* Release */ = {
			isa = XCBuildConfiguration;
			baseConfigurationReference = 38F2944922F5E35C8F1248D3 /* Pods-HomeWork_18.release.xcconfig */;
			buildSettings = {
				ASSETCATALOG_COMPILER_APPICON_NAME = AppIcon;
				ASSETCATALOG_COMPILER_GLOBAL_ACCENT_COLOR_NAME = AccentColor;
				CODE_SIGN_STYLE = Automatic;
				DEVELOPMENT_TEAM = Y3J9DR9455;
				GCC_NO_COMMON_BLOCKS = NO;
				INFOPLIST_FILE = HomeWork_18/Info.plist;
				LD_RUNPATH_SEARCH_PATHS = (
					"$(inherited)",
					"@executable_path/Frameworks",
				);
				PRODUCT_BUNDLE_IDENTIFIER = "Skillbox.HomeWork-18";
				PRODUCT_NAME = "$(TARGET_NAME)";
				SWIFT_VERSION = 5.0;
				TARGETED_DEVICE_FAMILY = "1,2";
			};
			name = Release;
		};
		6F0D3FB8266223B400AF8E8A /* Debug */ = {
			isa = XCBuildConfiguration;
			baseConfigurationReference = 38537EC0242B0D07459CC479 /* Pods-HomeWork_18Tests.debug.xcconfig */;
			buildSettings = {
				ALWAYS_EMBED_SWIFT_STANDARD_LIBRARIES = YES;
				BUNDLE_LOADER = "$(TEST_HOST)";
				CODE_SIGN_STYLE = Automatic;
				DEVELOPMENT_TEAM = Y3J9DR9455;
				ENABLE_BITCODE = YES;
				GCC_NO_COMMON_BLOCKS = NO;
				INFOPLIST_FILE = HomeWork_18Tests/Info.plist;
				IPHONEOS_DEPLOYMENT_TARGET = 14.5;
				LD_RUNPATH_SEARCH_PATHS = (
					"$(inherited)",
					"@executable_path/Frameworks",
					"@loader_path/Frameworks",
				);
				PRODUCT_BUNDLE_IDENTIFIER = "Skillbox.HomeWork-18Tests";
				PRODUCT_NAME = "$(TARGET_NAME)";
				SWIFT_VERSION = 5.0;
				TARGETED_DEVICE_FAMILY = "1,2";
				TEST_HOST = "$(BUILT_PRODUCTS_DIR)/HomeWork_18.app/HomeWork_18";
			};
			name = Debug;
		};
		6F0D3FB9266223B400AF8E8A /* Release */ = {
			isa = XCBuildConfiguration;
			baseConfigurationReference = AA765D3750AF466893745071 /* Pods-HomeWork_18Tests.release.xcconfig */;
			buildSettings = {
				ALWAYS_EMBED_SWIFT_STANDARD_LIBRARIES = YES;
				BUNDLE_LOADER = "$(TEST_HOST)";
				CODE_SIGN_STYLE = Automatic;
				DEVELOPMENT_TEAM = Y3J9DR9455;
				ENABLE_BITCODE = YES;
				GCC_NO_COMMON_BLOCKS = NO;
				INFOPLIST_FILE = HomeWork_18Tests/Info.plist;
				IPHONEOS_DEPLOYMENT_TARGET = 14.5;
				LD_RUNPATH_SEARCH_PATHS = (
					"$(inherited)",
					"@executable_path/Frameworks",
					"@loader_path/Frameworks",
				);
				PRODUCT_BUNDLE_IDENTIFIER = "Skillbox.HomeWork-18Tests";
				PRODUCT_NAME = "$(TARGET_NAME)";
				SWIFT_VERSION = 5.0;
				TARGETED_DEVICE_FAMILY = "1,2";
				TEST_HOST = "$(BUILT_PRODUCTS_DIR)/HomeWork_18.app/HomeWork_18";
			};
			name = Release;
		};
		6F0D3FBB266223B400AF8E8A /* Debug */ = {
			isa = XCBuildConfiguration;
			baseConfigurationReference = AE218521A2BC5D517CD572DD /* Pods-HomeWork_18-HomeWork_18UITests.debug.xcconfig */;
			buildSettings = {
				ALWAYS_EMBED_SWIFT_STANDARD_LIBRARIES = YES;
				CODE_SIGN_STYLE = Automatic;
				DEVELOPMENT_TEAM = Y3J9DR9455;
				ENABLE_BITCODE = YES;
				GCC_NO_COMMON_BLOCKS = NO;
				INFOPLIST_FILE = HomeWork_18UITests/Info.plist;
				LD_RUNPATH_SEARCH_PATHS = (
					"$(inherited)",
					"@executable_path/Frameworks",
					"@loader_path/Frameworks",
				);
				PRODUCT_BUNDLE_IDENTIFIER = "Skillbox.HomeWork-18UITests";
				PRODUCT_NAME = "$(TARGET_NAME)";
				SWIFT_VERSION = 5.0;
				TARGETED_DEVICE_FAMILY = "1,2";
				TEST_TARGET_NAME = HomeWork_18;
			};
			name = Debug;
		};
		6F0D3FBC266223B400AF8E8A /* Release */ = {
			isa = XCBuildConfiguration;
			baseConfigurationReference = 125CBF33594723FC7C61B5E4 /* Pods-HomeWork_18-HomeWork_18UITests.release.xcconfig */;
			buildSettings = {
				ALWAYS_EMBED_SWIFT_STANDARD_LIBRARIES = YES;
				CODE_SIGN_STYLE = Automatic;
				DEVELOPMENT_TEAM = Y3J9DR9455;
				ENABLE_BITCODE = YES;
				GCC_NO_COMMON_BLOCKS = NO;
				INFOPLIST_FILE = HomeWork_18UITests/Info.plist;
				LD_RUNPATH_SEARCH_PATHS = (
					"$(inherited)",
					"@executable_path/Frameworks",
					"@loader_path/Frameworks",
				);
				PRODUCT_BUNDLE_IDENTIFIER = "Skillbox.HomeWork-18UITests";
				PRODUCT_NAME = "$(TARGET_NAME)";
				SWIFT_VERSION = 5.0;
				TARGETED_DEVICE_FAMILY = "1,2";
				TEST_TARGET_NAME = HomeWork_18;
			};
			name = Release;
		};
/* End XCBuildConfiguration section */

/* Begin XCConfigurationList section */
		6F0D3F85266223AB00AF8E8A /* Build configuration list for PBXProject "HomeWork_18" */ = {
			isa = XCConfigurationList;
			buildConfigurations = (
				6F0D3FB2266223B400AF8E8A /* Debug */,
				6F0D3FB3266223B400AF8E8A /* Release */,
			);
			defaultConfigurationIsVisible = 0;
			defaultConfigurationName = Release;
		};
		6F0D3FB4266223B400AF8E8A /* Build configuration list for PBXNativeTarget "HomeWork_18" */ = {
			isa = XCConfigurationList;
			buildConfigurations = (
				6F0D3FB5266223B400AF8E8A /* Debug */,
				6F0D3FB6266223B400AF8E8A /* Release */,
			);
			defaultConfigurationIsVisible = 0;
			defaultConfigurationName = Release;
		};
		6F0D3FB7266223B400AF8E8A /* Build configuration list for PBXNativeTarget "HomeWork_18Tests" */ = {
			isa = XCConfigurationList;
			buildConfigurations = (
				6F0D3FB8266223B400AF8E8A /* Debug */,
				6F0D3FB9266223B400AF8E8A /* Release */,
			);
			defaultConfigurationIsVisible = 0;
			defaultConfigurationName = Release;
		};
		6F0D3FBA266223B400AF8E8A /* Build configuration list for PBXNativeTarget "HomeWork_18UITests" */ = {
			isa = XCConfigurationList;
			buildConfigurations = (
				6F0D3FBB266223B400AF8E8A /* Debug */,
				6F0D3FBC266223B400AF8E8A /* Release */,
			);
			defaultConfigurationIsVisible = 0;
			defaultConfigurationName = Release;
		};
/* End XCConfigurationList section */
	};
	rootObject = 6F0D3F82266223AB00AF8E8A /* Project object */;
}
